
Microsoft Visual Studio Solution File, Format Version 12.00
# Visual Studio Version 17
VisualStudioVersion = 17.11.35303.130
MinimumVisualStudioVersion = 10.0.40219.1
Project("{2150E333-8FDC-42A3-9474-1A3956D46DE8}") = "API", "API", "{66360F78-6D80-4B96-9C1C-4558C2B193E5}"
EndProject
Project("{2150E333-8FDC-42A3-9474-1A3956D46DE8}") = "FrontEnd", "FrontEnd", "{C52CC98E-470D-42F6-96DA-02F585655241}"
EndProject
Project("{2150E333-8FDC-42A3-9474-1A3956D46DE8}") = "BackEnd", "BackEnd", "{A8FC1FB1-EA05-490E-9480-2EBA1387D5A3}"
EndProject
Project("{9A19103F-16F7-4668-BE54-9A1E7A4F7556}") = "GestionMedicaAPP.Domain", "GestionMedicaAPP.Domain\GestionMedicaAPP.Domain.csproj", "{D277BB9E-2EE5-465F-A943-34BB16D67857}"
EndProject
Project("{9A19103F-16F7-4668-BE54-9A1E7A4F7556}") = "GestionMedicaAPP.Persistance", "GestionMedicaAPP.Persistance\GestionMedicaAPP.Persistance.csproj", "{1C88B040-D7F4-48C7-A830-2121271BD113}"
EndProject
Project("{9A19103F-16F7-4668-BE54-9A1E7A4F7556}") = "GestionMedicaAPP.Infraestructure", "GestionMedicaAPP.Infraestructure\GestionMedicaAPP.Infraestructure.csproj", "{88EF28B1-DDD7-4419-BBAC-C7A3653E47C7}"
EndProject
Project("{9A19103F-16F7-4668-BE54-9A1E7A4F7556}") = "GestionMedicaAPP.Appointments.Api", "GestionMedicaAPP.Appointments.Api\GestionMedicaAPP.Appointments.Api.csproj", "{75B363DE-8A96-4AFE-9C05-0965E8C15025}"
EndProject
Project("{9A19103F-16F7-4668-BE54-9A1E7A4F7556}") = "GestionMedicaAPP.Insurance.Api", "GestionMedicaAPP.Insurance.Api\GestionMedicaAPP.Insurance.Api.csproj", "{D02EA701-8965-4AD0-8E25-75A1FAD930E6}"
EndProject
Project("{9A19103F-16F7-4668-BE54-9A1E7A4F7556}") = "GestionMedicaAPP.Medical.Api", "GestionMedicaAPP.Medical.Api\GestionMedicaAPP.Medical.Api.csproj", "{235AFE24-FF67-4296-A7BB-CE409FCC74AB}"
EndProject
Project("{9A19103F-16F7-4668-BE54-9A1E7A4F7556}") = "GestionMedicaAPP.System.Api", "GestionMedicaAPP.System.Api\GestionMedicaAPP.System.Api.csproj", "{36E7527C-7EC0-4FCF-97AD-3BFF26CFCCA6}"
EndProject
Project("{9A19103F-16F7-4668-BE54-9A1E7A4F7556}") = "GestionMedicaAPP.users.Api", "GestionMedicaAPP.Users.Api\GestionMedicaAPP.users.Api.csproj", "{4F7F9439-EB52-48A9-9A34-F47C16C60653}"
EndProject
Project("{FAE04EC0-301F-11D3-BF4B-00C04F79EFBC}") = "GestionMedicaAPP.IOC", "GestionMedicaAPP.IOC\GestionMedicaAPP.IOC.csproj", "{92178845-AE5E-496A-9415-A5C186ABDCC5}"
EndProject
Project("{FAE04EC0-301F-11D3-BF4B-00C04F79EFBC}") = "GestionMedicaAPP.Application", "GestionMedicaAPP.Application\GestionMedicaAPP.Application.csproj", "{21B2F8A6-CCDB-4183-B529-87E7DB99AA84}"
EndProject
Global
	GlobalSection(SolutionConfigurationPlatforms) = preSolution
		Debug|Any CPU = Debug|Any CPU
		Release|Any CPU = Release|Any CPU
	EndGlobalSection
	GlobalSection(ProjectConfigurationPlatforms) = postSolution
		{D277BB9E-2EE5-465F-A943-34BB16D67857}.Debug|Any CPU.ActiveCfg = Debug|Any CPU
		{D277BB9E-2EE5-465F-A943-34BB16D67857}.Debug|Any CPU.Build.0 = Debug|Any CPU
		{D277BB9E-2EE5-465F-A943-34BB16D67857}.Release|Any CPU.ActiveCfg = Release|Any CPU
		{D277BB9E-2EE5-465F-A943-34BB16D67857}.Release|Any CPU.Build.0 = Release|Any CPU
		{1C88B040-D7F4-48C7-A830-2121271BD113}.Debug|Any CPU.ActiveCfg = Debug|Any CPU
		{1C88B040-D7F4-48C7-A830-2121271BD113}.Debug|Any CPU.Build.0 = Debug|Any CPU
		{1C88B040-D7F4-48C7-A830-2121271BD113}.Release|Any CPU.ActiveCfg = Release|Any CPU
		{1C88B040-D7F4-48C7-A830-2121271BD113}.Release|Any CPU.Build.0 = Release|Any CPU
		{88EF28B1-DDD7-4419-BBAC-C7A3653E47C7}.Debug|Any CPU.ActiveCfg = Debug|Any CPU
		{88EF28B1-DDD7-4419-BBAC-C7A3653E47C7}.Debug|Any CPU.Build.0 = Debug|Any CPU
		{88EF28B1-DDD7-4419-BBAC-C7A3653E47C7}.Release|Any CPU.ActiveCfg = Release|Any CPU
		{88EF28B1-DDD7-4419-BBAC-C7A3653E47C7}.Release|Any CPU.Build.0 = Release|Any CPU
		{75B363DE-8A96-4AFE-9C05-0965E8C15025}.Debug|Any CPU.ActiveCfg = Debug|Any CPU
		{75B363DE-8A96-4AFE-9C05-0965E8C15025}.Debug|Any CPU.Build.0 = Debug|Any CPU
		{75B363DE-8A96-4AFE-9C05-0965E8C15025}.Release|Any CPU.ActiveCfg = Release|Any CPU
		{75B363DE-8A96-4AFE-9C05-0965E8C15025}.Release|Any CPU.Build.0 = Release|Any CPU
		{D02EA701-8965-4AD0-8E25-75A1FAD930E6}.Debug|Any CPU.ActiveCfg = Debug|Any CPU
		{D02EA701-8965-4AD0-8E25-75A1FAD930E6}.Debug|Any CPU.Build.0 = Debug|Any CPU
		{D02EA701-8965-4AD0-8E25-75A1FAD930E6}.Release|Any CPU.ActiveCfg = Release|Any CPU
		{D02EA701-8965-4AD0-8E25-75A1FAD930E6}.Release|Any CPU.Build.0 = Release|Any CPU
		{235AFE24-FF67-4296-A7BB-CE409FCC74AB}.Debug|Any CPU.ActiveCfg = Debug|Any CPU
		{235AFE24-FF67-4296-A7BB-CE409FCC74AB}.Debug|Any CPU.Build.0 = Debug|Any CPU
		{235AFE24-FF67-4296-A7BB-CE409FCC74AB}.Release|Any CPU.ActiveCfg = Release|Any CPU
		{235AFE24-FF67-4296-A7BB-CE409FCC74AB}.Release|Any CPU.Build.0 = Release|Any CPU
		{36E7527C-7EC0-4FCF-97AD-3BFF26CFCCA6}.Debug|Any CPU.ActiveCfg = Debug|Any CPU
		{36E7527C-7EC0-4FCF-97AD-3BFF26CFCCA6}.Debug|Any CPU.Build.0 = Debug|Any CPU
		{36E7527C-7EC0-4FCF-97AD-3BFF26CFCCA6}.Release|Any CPU.ActiveCfg = Release|Any CPU
		{36E7527C-7EC0-4FCF-97AD-3BFF26CFCCA6}.Release|Any CPU.Build.0 = Release|Any CPU
		{4F7F9439-EB52-48A9-9A34-F47C16C60653}.Debug|Any CPU.ActiveCfg = Debug|Any CPU
		{4F7F9439-EB52-48A9-9A34-F47C16C60653}.Debug|Any CPU.Build.0 = Debug|Any CPU
		{4F7F9439-EB52-48A9-9A34-F47C16C60653}.Release|Any CPU.ActiveCfg = Release|Any CPU
		{4F7F9439-EB52-48A9-9A34-F47C16C60653}.Release|Any CPU.Build.0 = Release|Any CPU
		{92178845-AE5E-496A-9415-A5C186ABDCC5}.Debug|Any CPU.ActiveCfg = Debug|Any CPU
		{92178845-AE5E-496A-9415-A5C186ABDCC5}.Debug|Any CPU.Build.0 = Debug|Any CPU
		{92178845-AE5E-496A-9415-A5C186ABDCC5}.Release|Any CPU.ActiveCfg = Release|Any CPU
		{92178845-AE5E-496A-9415-A5C186ABDCC5}.Release|Any CPU.Build.0 = Release|Any CPU
		{21B2F8A6-CCDB-4183-B529-87E7DB99AA84}.Debug|Any CPU.ActiveCfg = Debug|Any CPU
		{21B2F8A6-CCDB-4183-B529-87E7DB99AA84}.Debug|Any CPU.Build.0 = Debug|Any CPU
		{21B2F8A6-CCDB-4183-B529-87E7DB99AA84}.Release|Any CPU.ActiveCfg = Release|Any CPU
		{21B2F8A6-CCDB-4183-B529-87E7DB99AA84}.Release|Any CPU.Build.0 = Release|Any CPU
	EndGlobalSection
	GlobalSection(SolutionProperties) = preSolution
		HideSolutionNode = FALSE
	EndGlobalSection
	GlobalSection(NestedProjects) = preSolution
		{D277BB9E-2EE5-465F-A943-34BB16D67857} = {A8FC1FB1-EA05-490E-9480-2EBA1387D5A3}
		{1C88B040-D7F4-48C7-A830-2121271BD113} = {A8FC1FB1-EA05-490E-9480-2EBA1387D5A3}
		{88EF28B1-DDD7-4419-BBAC-C7A3653E47C7} = {A8FC1FB1-EA05-490E-9480-2EBA1387D5A3}
		{75B363DE-8A96-4AFE-9C05-0965E8C15025} = {66360F78-6D80-4B96-9C1C-4558C2B193E5}
		{D02EA701-8965-4AD0-8E25-75A1FAD930E6} = {66360F78-6D80-4B96-9C1C-4558C2B193E5}
		{235AFE24-FF67-4296-A7BB-CE409FCC74AB} = {66360F78-6D80-4B96-9C1C-4558C2B193E5}
		{36E7527C-7EC0-4FCF-97AD-3BFF26CFCCA6} = {66360F78-6D80-4B96-9C1C-4558C2B193E5}
		{4F7F9439-EB52-48A9-9A34-F47C16C60653} = {66360F78-6D80-4B96-9C1C-4558C2B193E5}
		{92178845-AE5E-496A-9415-A5C186ABDCC5} = {A8FC1FB1-EA05-490E-9480-2EBA1387D5A3}
		{21B2F8A6-CCDB-4183-B529-87E7DB99AA84} = {A8FC1FB1-EA05-490E-9480-2EBA1387D5A3}
	EndGlobalSection
	GlobalSection(ExtensibilityGlobals) = postSolution
		SolutionGuid = {B5670F46-6F62-4971-BF23-F04F2549F29E}
	EndGlobalSection
EndGlobal
